
Microsoft Visual Studio Solution File, Format Version 12.00
# Visual Studio 15
VisualStudioVersion = 15.0.28307.421
MinimumVisualStudioVersion = 10.0.40219.1
Project("{FAE04EC0-301F-11D3-BF4B-00C04F79EFBC}") = "DemoLibrary", "DemoLibrary\DemoLibrary.csproj", "{1EF43C6C-1801-41E5-A483-884AFFD0A325}"
EndProject
Project("{FAE04EC0-301F-11D3-BF4B-00C04F79EFBC}") = "DemoLibraryTests", "DemoLibraryTests\DemoLibraryTests.csproj", "{4F43BEA0-38C8-4756-A210-E9920D17CD0F}"
EndProject
Project("{9A19103F-16F7-4668-BE54-9A1E7A4F7556}") = "Coverage", "tools\coverage\Coverage.csproj", "{0F816D3A-D347-435F-AD53-A4807FBCC2FB}"
EndProject
Global
	GlobalSection(SolutionConfigurationPlatforms) = preSolution
		Debug|Any CPU = Debug|Any CPU
		Release|Any CPU = Release|Any CPU
	EndGlobalSection
	GlobalSection(ProjectConfigurationPlatforms) = postSolution
		{1EF43C6C-1801-41E5-A483-884AFFD0A325}.Debug|Any CPU.ActiveCfg = Debug|Any CPU
		{1EF43C6C-1801-41E5-A483-884AFFD0A325}.Debug|Any CPU.Build.0 = Debug|Any CPU
		{1EF43C6C-1801-41E5-A483-884AFFD0A325}.Release|Any CPU.ActiveCfg = Release|Any CPU
		{1EF43C6C-1801-41E5-A483-884AFFD0A325}.Release|Any CPU.Build.0 = Release|Any CPU
		{4F43BEA0-38C8-4756-A210-E9920D17CD0F}.Debug|Any CPU.ActiveCfg = Debug|Any CPU
		{4F43BEA0-38C8-4756-A210-E9920D17CD0F}.Debug|Any CPU.Build.0 = Debug|Any CPU
		{4F43BEA0-38C8-4756-A210-E9920D17CD0F}.Release|Any CPU.ActiveCfg = Release|Any CPU
		{4F43BEA0-38C8-4756-A210-E9920D17CD0F}.Release|Any CPU.Build.0 = Release|Any CPU
		{0F816D3A-D347-435F-AD53-A4807FBCC2FB}.Debug|Any CPU.ActiveCfg = Debug|Any CPU
		{0F816D3A-D347-435F-AD53-A4807FBCC2FB}.Debug|Any CPU.Build.0 = Debug|Any CPU
		{0F816D3A-D347-435F-AD53-A4807FBCC2FB}.Release|Any CPU.ActiveCfg = Release|Any CPU
		{0F816D3A-D347-435F-AD53-A4807FBCC2FB}.Release|Any CPU.Build.0 = Release|Any CPU
	EndGlobalSection
	GlobalSection(SolutionProperties) = preSolution
		HideSolutionNode = FALSE
	EndGlobalSection
	GlobalSection(ExtensibilityGlobals) = postSolution
		SolutionGuid = {DC2956DC-90E9-4230-AF65-2254475E7CE3}
	EndGlobalSection
EndGlobal
